{
  "object": {
    "pins": [
      {
        "package": "swift-log",
        "repositoryURL": "https://github.com/apple/swift-log.git",
        "state": {
          "branch": null,
          "revision": "74d7b91ceebc85daf387ebb206003f78813f71aa",
          "version": "1.2.0"
        }
      },
      {
        "package": "swift-nio",
        "repositoryURL": "https://github.com/apple/swift-nio.git",
        "state": {
          "branch": null,
          "revision": "8a865bd15e69526cbdfcfd7c47698eb20b2ba951",
          "version": "2.19.0"
        }
      },
      {
        "package": "swift-nio-transport-services",
        "repositoryURL": "https://github.com/rutmb/swift-nio-transport-services",
        "state": {
          "branch": null,
          "revision": "08425e5c662e06521162986b4ff1890a2d4feb10",
          "version": null
        }
      }
    ]
  },
  "version": 1
}
